GEM
  remote: https://rubygems.org/
  specs:
    rexml (3.4.4)
    ruby-graphviz (1.2.5)
      rexml

PLATFORMS
  ruby
  x86_64-linux

DEPENDENCIES
  ruby-graphviz

CHECKSUMS
  rexml (3.4.4) sha256=19e0a2c3425dfbf2d4fc1189747bdb2f849b6c5e74180401b15734bc97b5d142
  ruby-graphviz (1.2.5) sha256=1c2bb44e3f6da9e2b829f5e7fd8d75a521485fb6b4d1fc66ff0f93f906121504

BUNDLED WITH
  4.0.0
